// !$*UTF8*$!
{
	archiveVersion = 1;
	classes = {
	};
	objectVersion = 55;
	objects = {

/* Begin PBXBuildFile section */
		796A16B42839679200493F4B /* AppDelegate.swift in Sources */ = {isa = PBXBuildFile; fileRef = 796A16B32839679200493F4B /* AppDelegate.swift */; };
		796A16B62839679200493F4B /* SceneDelegate.swift in Sources */ = {isa = PBXBuildFile; fileRef = 796A16B52839679200493F4B /* SceneDelegate.swift */; };
		796A16BB2839679200493F4B /* Main.storyboard in Resources */ = {isa = PBXBuildFile; fileRef = 796A16B92839679200493F4B /* Main.storyboard */; };
		796A16BD2839679400493F4B /* Assets.xcassets in Resources */ = {isa = PBXBuildFile; fileRef = 796A16BC2839679400493F4B /* Assets.xcassets */; };
		796A16C02839679400493F4B /* LaunchScreen.storyboard in Resources */ = {isa = PBXBuildFile; fileRef = 796A16BE2839679400493F4B /* LaunchScreen.storyboard */; };
		796A16CA283967C300493F4B /* Message.swift in Sources */ = {isa = PBXBuildFile; fileRef = 796A16C9283967C300493F4B /* Message.swift */; };
		796A16CD28396B3F00493F4B /* WelcomeViewController.swift in Sources */ = {isa = PBXBuildFile; fileRef = 796A16CC28396B3F00493F4B /* WelcomeViewController.swift */; };
		796A16CF28396B6C00493F4B /* RegisterViewController.swift in Sources */ = {isa = PBXBuildFile; fileRef = 796A16CE28396B6C00493F4B /* RegisterViewController.swift */; };
		796A16D128396B8300493F4B /* LoginViewController.swift in Sources */ = {isa = PBXBuildFile; fileRef = 796A16D028396B8300493F4B /* LoginViewController.swift */; };
		796A16D328396B9600493F4B /* ChatViewController.swift in Sources */ = {isa = PBXBuildFile; fileRef = 796A16D228396B9600493F4B /* ChatViewController.swift */; };
		796A16D628396C3300493F4B /* MessageCell.swift in Sources */ = {isa = PBXBuildFile; fileRef = 796A16D428396C3300493F4B /* MessageCell.swift */; };
		796A16D728396C3300493F4B /* MessageCell.xib in Resources */ = {isa = PBXBuildFile; fileRef = 796A16D528396C3300493F4B /* MessageCell.xib */; };
		796A16D928396D6500493F4B /* Constants.swift in Sources */ = {isa = PBXBuildFile; fileRef = 796A16D828396D6500493F4B /* Constants.swift */; };
		796A16DB283970DC00493F4B /* GoogleService-Info.plist in Resources */ = {isa = PBXBuildFile; fileRef = 796A16DA283970DC00493F4B /* GoogleService-Info.plist */; };
		797A71F52839973400706D94 /* FirebaseAuth in Frameworks */ = {isa = PBXBuildFile; productRef = 797A71F42839973400706D94 /* FirebaseAuth */; };
		797A71F72839973400706D94 /* FirebaseDatabase in Frameworks */ = {isa = PBXBuildFile; productRef = 797A71F62839973400706D94 /* FirebaseDatabase */; };
		797A71F92839973400706D94 /* FirebaseFirestore in Frameworks */ = {isa = PBXBuildFile; productRef = 797A71F82839973400706D94 /* FirebaseFirestore */; };
		797A71FF2839AC6A00706D94 /* ErrorViewController.swift in Sources */ = {isa = PBXBuildFile; fileRef = 797A71FE2839AC6A00706D94 /* ErrorViewController.swift */; };
		797A7202283AD03E00706D94 /* IQKeyboardManagerSwift in Frameworks */ = {isa = PBXBuildFile; productRef = 797A7201283AD03E00706D94 /* IQKeyboardManagerSwift */; };
/* End PBXBuildFile section */

/* Begin PBXFileReference section */
		796A16B02839679200493F4B /* Zet'sChat.app */ = {isa = PBXFileReference; explicitFileType = wrapper.application; includeInIndex = 0; path = "Zet'sChat.app"; sourceTree = BUILT_PRODUCTS_DIR; };
		796A16B32839679200493F4B /* AppDelegate.swift */ = {isa = PBXFileReference; lastKnownFileType = sourcecode.swift; path = AppDelegate.swift; sourceTree = "<group>"; };
		796A16B52839679200493F4B /* SceneDelegate.swift */ = {isa = PBXFileReference; lastKnownFileType = sourcecode.swift; path = SceneDelegate.swift; sourceTree = "<group>"; };
		796A16BA2839679200493F4B /* Base */ = {isa = PBXFileReference; lastKnownFileType = file.storyboard; name = Base; path = Base.lproj/Main.storyboard; sourceTree = "<group>"; };
		796A16BC2839679400493F4B /* Assets.xcassets */ = {isa = PBXFileReference; lastKnownFileType = folder.assetcatalog; path = Assets.xcassets; sourceTree = "<group>"; };
		796A16BF2839679400493F4B /* Base */ = {isa = PBXFileReference; lastKnownFileType = file.storyboard; name = Base; path = Base.lproj/LaunchScreen.storyboard; sourceTree = "<group>"; };
		796A16C12839679400493F4B /* Info.plist */ = {isa = PBXFileReference; lastKnownFileType = text.plist.xml; path = Info.plist; sourceTree = "<group>"; };
		796A16C9283967C300493F4B /* Message.swift */ = {isa = PBXFileReference; lastKnownFileType = sourcecode.swift; path = Message.swift; sourceTree = "<group>"; };
		796A16CC28396B3F00493F4B /* WelcomeViewController.swift */ = {isa = PBXFileReference; lastKnownFileType = sourcecode.swift; path = WelcomeViewController.swift; sourceTree = "<group>"; };
		796A16CE28396B6C00493F4B /* RegisterViewController.swift */ = {isa = PBXFileReference; lastKnownFileType = sourcecode.swift; path = RegisterViewController.swift; sourceTree = "<group>"; };
		796A16D028396B8300493F4B /* LoginViewController.swift */ = {isa = PBXFileReference; lastKnownFileType = sourcecode.swift; path = LoginViewController.swift; sourceTree = "<group>"; };
		796A16D228396B9600493F4B /* ChatViewController.swift */ = {isa = PBXFileReference; lastKnownFileType = sourcecode.swift; path = ChatViewController.swift; sourceTree = "<group>"; };
		796A16D428396C3300493F4B /* MessageCell.swift */ = {isa = PBXFileReference; lastKnownFileType = sourcecode.swift; path = MessageCell.swift; sourceTree = "<group>"; };
		796A16D528396C3300493F4B /* MessageCell.xib */ = {isa = PBXFileReference; lastKnownFileType = file.xib; path = MessageCell.xib; sourceTree = "<group>"; };
		796A16D828396D6500493F4B /* Constants.swift */ = {isa = PBXFileReference; lastKnownFileType = sourcecode.swift; path = Constants.swift; sourceTree = "<group>"; };
		796A16DA283970DC00493F4B /* GoogleService-Info.plist */ = {isa = PBXFileReference; fileEncoding = 4; lastKnownFileType = text.plist.xml; path = "GoogleService-Info.plist"; sourceTree = "<group>"; };
		797A71FE2839AC6A00706D94 /* ErrorViewController.swift */ = {isa = PBXFileReference; lastKnownFileType = sourcecode.swift; path = ErrorViewController.swift; sourceTree = "<group>"; };
/* End PBXFileReference section */

/* Begin PBXFrameworksBuildPhase section */
		796A16AD2839679200493F4B /* Frameworks */ = {
			isa = PBXFrameworksBuildPhase;
			buildActionMask = 2147483647;
			files = (
				797A71F72839973400706D94 /* FirebaseDatabase in Frameworks */,
				797A7202283AD03E00706D94 /* IQKeyboardManagerSwift in Frameworks */,
				797A71F52839973400706D94 /* FirebaseAuth in Frameworks */,
				797A71F92839973400706D94 /* FirebaseFirestore in Frameworks */,
			);
			runOnlyForDeploymentPostprocessing = 0;
		};
/* End PBXFrameworksBuildPhase section */

/* Begin PBXGroup section */
		796A16A72839679200493F4B = {
			isa = PBXGroup;
			children = (
				796A16B22839679200493F4B /* Zet'sChat */,
				796A16B12839679200493F4B /* Products */,
			);
			sourceTree = "<group>";
		};
		796A16B12839679200493F4B /* Products */ = {
			isa = PBXGroup;
			children = (
				796A16B02839679200493F4B /* Zet'sChat.app */,
			);
			name = Products;
			sourceTree = "<group>";
		};
		796A16B22839679200493F4B /* Zet'sChat */ = {
			isa = PBXGroup;
			children = (
				796A16B32839679200493F4B /* AppDelegate.swift */,
				796A16B52839679200493F4B /* SceneDelegate.swift */,
				796A16CB283967C800493F4B /* Model */,
				796A16C8283967A900493F4B /* View */,
				796A16C72839679B00493F4B /* Controller */,
				796A16BC2839679400493F4B /* Assets.xcassets */,
				796A16BE2839679400493F4B /* LaunchScreen.storyboard */,
				796A16C12839679400493F4B /* Info.plist */,
				796A16D828396D6500493F4B /* Constants.swift */,
				796A16DA283970DC00493F4B /* GoogleService-Info.plist */,
			);
			path = "Zet'sChat";
			sourceTree = "<group>";
		};
		796A16C72839679B00493F4B /* Controller */ = {
			isa = PBXGroup;
			children = (
				796A16CC28396B3F00493F4B /* WelcomeViewController.swift */,
				796A16CE28396B6C00493F4B /* RegisterViewController.swift */,
				796A16D028396B8300493F4B /* LoginViewController.swift */,
				796A16D228396B9600493F4B /* ChatViewController.swift */,
				797A71FE2839AC6A00706D94 /* ErrorViewController.swift */,
			);
			path = Controller;
			sourceTree = "<group>";
		};
		796A16C8283967A900493F4B /* View */ = {
			isa = PBXGroup;
			children = (
				796A16B92839679200493F4B /* Main.storyboard */,
				796A16D428396C3300493F4B /* MessageCell.swift */,
				796A16D528396C3300493F4B /* MessageCell.xib */,
			);
			path = View;
			sourceTree = "<group>";
		};
		796A16CB283967C800493F4B /* Model */ = {
			isa = PBXGroup;
			children = (
				796A16C9283967C300493F4B /* Message.swift */,
			);
			path = Model;
			sourceTree = "<group>";
		};
/* End PBXGroup section */

/* Begin PBXNativeTarget section */
		796A16AF2839679200493F4B /* Zet'sChat */ = {
			isa = PBXNativeTarget;
			buildConfigurationList = 796A16C42839679400493F4B /* Build configuration list for PBXNativeTarget "Zet'sChat" */;
			buildPhases = (
				796A16AC2839679200493F4B /* Sources */,
				796A16AD2839679200493F4B /* Frameworks */,
				796A16AE2839679200493F4B /* Resources */,
			);
			buildRules = (
			);
			dependencies = (
			);
			name = "Zet'sChat";
			packageProductDependencies = (
				797A71F42839973400706D94 /* FirebaseAuth */,
				797A71F62839973400706D94 /* FirebaseDatabase */,
				797A71F82839973400706D94 /* FirebaseFirestore */,
				797A7201283AD03E00706D94 /* IQKeyboardManagerSwift */,
			);
			productName = "Zet'sChat";
			productReference = 796A16B02839679200493F4B /* Zet'sChat.app */;
			productType = "com.apple.product-type.application";
		};
/* End PBXNativeTarget section */

/* Begin PBXProject section */
		796A16A82839679200493F4B /* Project object */ = {
			isa = PBXProject;
			attributes = {
				BuildIndependentTargetsInParallel = 1;
				LastSwiftUpdateCheck = 1330;
				LastUpgradeCheck = 1330;
				TargetAttributes = {
					796A16AF2839679200493F4B = {
						CreatedOnToolsVersion = 13.3.1;
					};
				};
			};
			buildConfigurationList = 796A16AB2839679200493F4B /* Build configuration list for PBXProject "Zet'sChat" */;
			compatibilityVersion = "Xcode 13.0";
			developmentRegion = en;
			hasScannedForEncodings = 0;
			knownRegions = (
				en,
				Base,
			);
			mainGroup = 796A16A72839679200493F4B;
			packageReferences = (
				797A71F32839973400706D94 /* XCRemoteSwiftPackageReference "firebase-ios-sdk" */,
				797A7200283AD03E00706D94 /* XCRemoteSwiftPackageReference "IQKeyboardManager" */,
			);
			productRefGroup = 796A16B12839679200493F4B /* Products */;
			projectDirPath = "";
			projectRoot = "";
			targets = (
				796A16AF2839679200493F4B /* Zet'sChat */,
			);
		};
/* End PBXProject section */

/* Begin PBXResourcesBuildPhase section */
		796A16AE2839679200493F4B /* Resources */ = {
			isa = PBXResourcesBuildPhase;
			buildActionMask = 2147483647;
			files = (
				796A16C02839679400493F4B /* LaunchScreen.storyboard in Resources */,
				796A16D728396C3300493F4B /* MessageCell.xib in Resources */,
				796A16DB283970DC00493F4B /* GoogleService-Info.plist in Resources */,
				796A16BD2839679400493F4B /* Assets.xcassets in Resources */,
				796A16BB2839679200493F4B /* Main.storyboard in Resources */,
			);
			runOnlyForDeploymentPostprocessing = 0;
		};
/* End PBXResourcesBuildPhase section */

/* Begin PBXSourcesBuildPhase section */
		796A16AC2839679200493F4B /* Sources */ = {
			isa = PBXSourcesBuildPhase;
			buildActionMask = 2147483647;
			files = (
				796A16D128396B8300493F4B /* LoginViewController.swift in Sources */,
				796A16D628396C3300493F4B /* MessageCell.swift in Sources */,
				796A16CA283967C300493F4B /* Message.swift in Sources */,
				796A16CF28396B6C00493F4B /* RegisterViewController.swift in Sources */,
				797A71FF2839AC6A00706D94 /* ErrorViewController.swift in Sources */,
				796A16D328396B9600493F4B /* ChatViewController.swift in Sources */,
				796A16CD28396B3F00493F4B /* WelcomeViewController.swift in Sources */,
				796A16B42839679200493F4B /* AppDelegate.swift in Sources */,
				796A16B62839679200493F4B /* SceneDelegate.swift in Sources */,
				796A16D928396D6500493F4B /* Constants.swift in Sources */,
			);
			runOnlyForDeploymentPostprocessing = 0;
		};
/* End PBXSourcesBuildPhase section */

/* Begin PBXVariantGroup section */
		796A16B92839679200493F4B /* Main.storyboard */ = {
			isa = PBXVariantGroup;
			children = (
				796A16BA2839679200493F4B /* Base */,
			);
			name = Main.storyboard;
			sourceTree = "<group>";
		};
		796A16BE2839679400493F4B /* LaunchScreen.storyboard */ = {
			isa = PBXVariantGroup;
			children = (
				796A16BF2839679400493F4B /* Base */,
			);
			name = LaunchScreen.storyboard;
			sourceTree = "<group>";
		};
/* End PBXVariantGroup section */

/* Begin XCBuildConfiguration section */
		796A16C22839679400493F4B /* Debug */ = {
			isa = XCBuildConfiguration;
			buildSettings = {
				ALWAYS_SEARCH_USER_PATHS = NO;
				CLANG_ANALYZER_NONNULL = YES;
				CLANG_ANALYZER_NUMBER_OBJECT_CONVERSION = YES_AGGRESSIVE;
				CLANG_CXX_LANGUAGE_STANDARD = "gnu++17";
				CLANG_ENABLE_MODULES = YES;
				CLANG_ENABLE_OBJC_ARC = YES;
				CLANG_ENABLE_OBJC_WEAK = YES;
				CLANG_WARN_BLOCK_CAPTURE_AUTORELEASING = YES;
				CLANG_WARN_BOOL_CONVERSION = YES;
				CLANG_WARN_COMMA = YES;
				CLANG_WARN_CONSTANT_CONVERSION = YES;
				CLANG_WARN_DEPRECATED_OBJC_IMPLEMENTATIONS = YES;
				CLANG_WARN_DIRECT_OBJC_ISA_USAGE = YES_ERROR;
				CLANG_WARN_DOCUMENTATION_COMMENTS = YES;
				CLANG_WARN_EMPTY_BODY = YES;
				CLANG_WARN_ENUM_CONVERSION = YES;
				CLANG_WARN_INFINITE_RECURSION = YES;
				CLANG_WARN_INT_CONVERSION = YES;
				CLANG_WARN_NON_LITERAL_NULL_CONVERSION = YES;
				CLANG_WARN_OBJC_IMPLICIT_RETAIN_SELF = YES;
				CLANG_WARN_OBJC_LITERAL_CONVERSION = YES;
				CLANG_WARN_OBJC_ROOT_CLASS = YES_ERROR;
				CLANG_WARN_QUOTED_INCLUDE_IN_FRAMEWORK_HEADER = YES;
				CLANG_WARN_RANGE_LOOP_ANALYSIS = YES;
				CLANG_WARN_STRICT_PROTOTYPES = YES;
				CLANG_WARN_SUSPICIOUS_MOVE = YES;
				CLANG_WARN_UNGUARDED_AVAILABILITY = YES_AGGRESSIVE;
				CLANG_WARN_UNREACHABLE_CODE = YES;
				CLANG_WARN__DUPLICATE_METHOD_MATCH = YES;
				COPY_PHASE_STRIP = NO;
				DEBUG_INFORMATION_FORMAT = dwarf;
				ENABLE_STRICT_OBJC_MSGSEND = YES;
				ENABLE_TESTABILITY = YES;
				GCC_C_LANGUAGE_STANDARD = gnu11;
				GCC_DYNAMIC_NO_PIC = NO;
				GCC_NO_COMMON_BLOCKS = YES;
				GCC_OPTIMIZATION_LEVEL = 0;
				GCC_PREPROCESSOR_DEFINITIONS = (
					"DEBUG=1",
					"$(inherited)",
				);
				GCC_WARN_64_TO_32_BIT_CONVERSION = YES;
				GCC_WARN_ABOUT_RETURN_TYPE = YES_ERROR;
				GCC_WARN_UNDECLARED_SELECTOR = YES;
				GCC_WARN_UNINITIALIZED_AUTOS = YES_AGGRESSIVE;
				GCC_WARN_UNUSED_FUNCTION = YES;
				GCC_WARN_UNUSED_VARIABLE = YES;
				IPHONEOS_DEPLOYMENT_TARGET = 15.4;
				MTL_ENABLE_DEBUG_INFO = INCLUDE_SOURCE;
				MTL_FAST_MATH = YES;
				ONLY_ACTIVE_ARCH = YES;
				SDKROOT = iphoneos;
				SWIFT_ACTIVE_COMPILATION_CONDITIONS = DEBUG;
				SWIFT_OPTIMIZATION_LEVEL = "-Onone";
			};
			name = Debug;
		};
		796A16C32839679400493F4B /* Release */ = {
			isa = XCBuildConfiguration;
			buildSettings = {
				ALWAYS_SEARCH_USER_PATHS = NO;
				CLANG_ANALYZER_NONNULL = YES;
				CLANG_ANALYZER_NUMBER_OBJECT_CONVERSION = YES_AGGRESSIVE;
				CLANG_CXX_LANGUAGE_STANDARD = "gnu++17";
				CLANG_ENABLE_MODULES = YES;
				CLANG_ENABLE_OBJC_ARC = YES;
				CLANG_ENABLE_OBJC_WEAK = YES;
				CLANG_WARN_BLOCK_CAPTURE_AUTORELEASING = YES;
				CLANG_WARN_BOOL_CONVERSION = YES;
				CLANG_WARN_COMMA = YES;
				CLANG_WARN_CONSTANT_CONVERSION = YES;
				CLANG_WARN_DEPRECATED_OBJC_IMPLEMENTATIONS = YES;
				CLANG_WARN_DIRECT_OBJC_ISA_USAGE = YES_ERROR;
				CLANG_WARN_DOCUMENTATION_COMMENTS = YES;
				CLANG_WARN_EMPTY_BODY = YES;
				CLANG_WARN_ENUM_CONVERSION = YES;
				CLANG_WARN_INFINITE_RECURSION = YES;
				CLANG_WARN_INT_CONVERSION = YES;
				CLANG_WARN_NON_LITERAL_NULL_CONVERSION = YES;
				CLANG_WARN_OBJC_IMPLICIT_RETAIN_SELF = YES;
				CLANG_WARN_OBJC_LITERAL_CONVERSION = YES;
				CLANG_WARN_OBJC_ROOT_CLASS = YES_ERROR;
				CLANG_WARN_QUOTED_INCLUDE_IN_FRAMEWORK_HEADER = YES;
				CLANG_WARN_RANGE_LOOP_ANALYSIS = YES;
				CLANG_WARN_STRICT_PROTOTYPES = YES;
				CLANG_WARN_SUSPICIOUS_MOVE = YES;
				CLANG_WARN_UNGUARDED_AVAILABILITY = YES_AGGRESSIVE;
				CLANG_WARN_UNREACHABLE_CODE = YES;
				CLANG_WARN__DUPLICATE_METHOD_MATCH = YES;
				COPY_PHASE_STRIP = NO;
				DEBUG_INFORMATION_FORMAT = "dwarf-with-dsym";
				ENABLE_NS_ASSERTIONS = NO;
				ENABLE_STRICT_OBJC_MSGSEND = YES;
				GCC_C_LANGUAGE_STANDARD = gnu11;
				GCC_NO_COMMON_BLOCKS = YES;
				GCC_WARN_64_TO_32_BIT_CONVERSION = YES;
				GCC_WARN_ABOUT_RETURN_TYPE = YES_ERROR;
				GCC_WARN_UNDECLARED_SELECTOR = YES;
				GCC_WARN_UNINITIALIZED_AUTOS = YES_AGGRESSIVE;
				GCC_WARN_UNUSED_FUNCTION = YES;
				GCC_WARN_UNUSED_VARIABLE = YES;
				IPHONEOS_DEPLOYMENT_TARGET = 15.4;
				MTL_ENABLE_DEBUG_INFO = NO;
				MTL_FAST_MATH = YES;
				SDKROOT = iphoneos;
				SWIFT_COMPILATION_MODE = wholemodule;
				SWIFT_OPTIMIZATION_LEVEL = "-O";
				VALIDATE_PRODUCT = YES;
			};
			name = Release;
		};
		796A16C52839679400493F4B /* Debug */ = {
			isa = XCBuildConfiguration;
			buildSettings = {
				ASSETCATALOG_COMPILER_APPICON_NAME = AppIcon;
				ASSETCATALOG_COMPILER_GLOBAL_ACCENT_COLOR_NAME = AccentColor;
				CODE_SIGN_STYLE = Automatic;
				CURRENT_PROJECT_VERSION = 1;
				GENERATE_INFOPLIST_FILE = YES;
				INFOPLIST_FILE = "Zet'sChat/Info.plist";
				INFOPLIST_KEY_UIApplicationSupportsIndirectInputEvents = YES;
				INFOPLIST_KEY_UILaunchStoryboardName = LaunchScreen;
				INFOPLIST_KEY_UIMainStoryboardFile = Main;
				INFOPLIST_KEY_UISupportedInterfaceOrientations_iPad = "UIInterfaceOrientationPortrait UIInterfaceOrientationPortraitUpsideDown UIInterfaceOrientationLandscapeLeft UIInterfaceOrientationLandscapeRight";
				INFOPLIST_KEY_UISupportedInterfaceOrientations_iPhone = "UIInterfaceOrientationPortrait UIInterfaceOrientationLandscapeLeft UIInterfaceOrientationLandscapeRight";
				LD_RUNPATH_SEARCH_PATHS = (
					"$(inherited)",
					"@executable_path/Frameworks",
				);
				MARKETING_VERSION = 1.0;
				PRODUCT_BUNDLE_IDENTIFIER = "bahadiretka.Zet-sChat";
				PRODUCT_NAME = "$(TARGET_NAME)";
				SWIFT_EMIT_LOC_STRINGS = YES;
				SWIFT_VERSION = 5.0;
				TARGETED_DEVICE_FAMILY = "1,2";
			};
			name = Debug;
		};
		796A16C62839679400493F4B /* Release */ = {
			isa = XCBuildConfiguration;
			buildSettings = {
				ASSETCATALOG_COMPILER_APPICON_NAME = AppIcon;
				ASSETCATALOG_COMPILER_GLOBAL_ACCENT_COLOR_NAME = AccentColor;
				CODE_SIGN_STYLE = Automatic;
				CURRENT_PROJECT_VERSION = 1;
				GENERATE_INFOPLIST_FILE = YES;
				INFOPLIST_FILE = "Zet'sChat/Info.plist";
				INFOPLIST_KEY_UIApplicationSupportsIndirectInputEvents = YES;
				INFOPLIST_KEY_UILaunchStoryboardName = LaunchScreen;
				INFOPLIST_KEY_UIMainStoryboardFile = Main;
				INFOPLIST_KEY_UISupportedInterfaceOrientations_iPad = "UIInterfaceOrientationPortrait UIInterfaceOrientationPortraitUpsideDown UIInterfaceOrientationLandscapeLeft UIInterfaceOrientationLandscapeRight";
				INFOPLIST_KEY_UISupportedInterfaceOrientations_iPhone = "UIInterfaceOrientationPortrait UIInterfaceOrientationLandscapeLeft UIInterfaceOrientationLandscapeRight";
				LD_RUNPATH_SEARCH_PATHS = (
					"$(inherited)",
					"@executable_path/Frameworks",
				);
				MARKETING_VERSION = 1.0;
				PRODUCT_BUNDLE_IDENTIFIER = "bahadiretka.Zet-sChat";
				PRODUCT_NAME = "$(TARGET_NAME)";
				SWIFT_EMIT_LOC_STRINGS = YES;
				SWIFT_VERSION = 5.0;
				TARGETED_DEVICE_FAMILY = "1,2";
			};
			name = Release;
		};
/* End XCBuildConfiguration section */

/* Begin XCConfigurationList section */
		796A16AB2839679200493F4B /* Build configuration list for PBXProject "Zet'sChat" */ = {
			isa = XCConfigurationList;
			buildConfigurations = (
				796A16C22839679400493F4B /* Debug */,
				796A16C32839679400493F4B /* Release */,
			);
			defaultConfigurationIsVisible = 0;
			defaultConfigurationName = Release;
		};
		796A16C42839679400493F4B /* Build configuration list for PBXNativeTarget "Zet'sChat" */ = {
			isa = XCConfigurationList;
			buildConfigurations = (
				796A16C52839679400493F4B /* Debug */,
				796A16C62839679400493F4B /* Release */,
			);
			defaultConfigurationIsVisible = 0;
			defaultConfigurationName = Release;
		};
/* End XCConfigurationList section */

/* Begin XCRemoteSwiftPackageReference section */
		797A71F32839973400706D94 /* XCRemoteSwiftPackageReference "firebase-ios-sdk" */ = {
			isa = XCRemoteSwiftPackageReference;
			repositoryURL = "https://github.com/firebase/firebase-ios-sdk";
			requirement = {
				kind = exactVersion;
				version = 9.0.0;
			};
		};
		797A7200283AD03E00706D94 /* XCRemoteSwiftPackageReference "IQKeyboardManager" */ = {
			isa = XCRemoteSwiftPackageReference;
			repositoryURL = "https://github.com/hackiftekhar/IQKeyboardManager.git";
			requirement = {
				branch = master;
				kind = branch;
			};
		};
/* End XCRemoteSwiftPackageReference section */

/* Begin XCSwiftPackageProductDependency section */
		797A71F42839973400706D94 /* FirebaseAuth */ = {
			isa = XCSwiftPackageProductDependency;
			package = 797A71F32839973400706D94 /* XCRemoteSwiftPackageReference "firebase-ios-sdk" */;
			productName = FirebaseAuth;
		};
		797A71F62839973400706D94 /* FirebaseDatabase */ = {
			isa = XCSwiftPackageProductDependency;
			package = 797A71F32839973400706D94 /* XCRemoteSwiftPackageReference "firebase-ios-sdk" */;
			productName = FirebaseDatabase;
		};
		797A71F82839973400706D94 /* FirebaseFirestore */ = {
			isa = XCSwiftPackageProductDependency;
			package = 797A71F32839973400706D94 /* XCRemoteSwiftPackageReference "firebase-ios-sdk" */;
			productName = FirebaseFirestore;
		};
		797A7201283AD03E00706D94 /* IQKeyboardManagerSwift */ = {
			isa = XCSwiftPackageProductDependency;
			package = 797A7200283AD03E00706D94 /* XCRemoteSwiftPackageReference "IQKeyboardManager" */;
			productName = IQKeyboardManagerSwift;
		};
/* End XCSwiftPackageProductDependency section */
	};
	rootObject = 796A16A82839679200493F4B /* Project object */;
}
